// !$*UTF8*$!
{
	archiveVersion = 1;
	classes = {
	};
	objectVersion = 50;
	objects = {

/* Begin PBXBuildFile section */
		ADA5CAFE25E2DAAB00E0C4B5 /* AppDelegate.swift in Sources */ = {isa = PBXBuildFile; fileRef = ADA5CAFD25E2DAAB00E0C4B5 /* AppDelegate.swift */; };
		ADA5CB0025E2DAAB00E0C4B5 /* SceneDelegate.swift in Sources */ = {isa = PBXBuildFile; fileRef = ADA5CAFF25E2DAAB00E0C4B5 /* SceneDelegate.swift */; };
		ADA5CB0225E2DAAB00E0C4B5 /* ViewController.swift in Sources */ = {isa = PBXBuildFile; fileRef = ADA5CB0125E2DAAB00E0C4B5 /* ViewController.swift */; };
		ADA5CB0525E2DAAB00E0C4B5 /* Main.storyboard in Resources */ = {isa = PBXBuildFile; fileRef = ADA5CB0325E2DAAB00E0C4B5 /* Main.storyboard */; };
		ADA5CB0725E2DAAC00E0C4B5 /* Assets.xcassets in Resources */ = {isa = PBXBuildFile; fileRef = ADA5CB0625E2DAAC00E0C4B5 /* Assets.xcassets */; };
		ADA5CB0A25E2DAAC00E0C4B5 /* LaunchScreen.storyboard in Resources */ = {isa = PBXBuildFile; fileRef = ADA5CB0825E2DAAC00E0C4B5 /* LaunchScreen.storyboard */; };
/* End PBXBuildFile section */

/* Begin PBXFileReference section */
		ADA5CAFA25E2DAAB00E0C4B5 /* Prueba conocimientos Francisco.app */ = {isa = PBXFileReference; explicitFileType = wrapper.application; includeInIndex = 0; path = "Prueba conocimientos Francisco.app"; sourceTree = BUILT_PRODUCTS_DIR; };
		ADA5CAFD25E2DAAB00E0C4B5 /* AppDelegate.swift */ = {isa = PBXFileReference; lastKnownFileType = sourcecode.swift; path = AppDelegate.swift; sourceTree = "<group>"; };
		ADA5CAFF25E2DAAB00E0C4B5 /* SceneDelegate.swift */ = {isa = PBXFileReference; lastKnownFileType = sourcecode.swift; path = SceneDelegate.swift; sourceTree = "<group>"; };
		ADA5CB0125E2DAAB00E0C4B5 /* ViewController.swift */ = {isa = PBXFileReference; lastKnownFileType = sourcecode.swift; path = ViewController.swift; sourceTree = "<group>"; };
		ADA5CB0425E2DAAB00E0C4B5 /* Base */ = {isa = PBXFileReference; lastKnownFileType = file.storyboard; name = Base; path = Base.lproj/Main.storyboard; sourceTree = "<group>"; };
		ADA5CB0625E2DAAC00E0C4B5 /* Assets.xcassets */ = {isa = PBXFileReference; lastKnownFileType = folder.assetcatalog; path = Assets.xcassets; sourceTree = "<group>"; };
		ADA5CB0925E2DAAC00E0C4B5 /* Base */ = {isa = PBXFileReference; lastKnownFileType = file.storyboard; name = Base; path = Base.lproj/LaunchScreen.storyboard; sourceTree = "<group>"; };
		ADA5CB0B25E2DAAC00E0C4B5 /* Info.plist */ = {isa = PBXFileReference; lastKnownFileType = text.plist.xml; path = Info.plist; sourceTree = "<group>"; };
/* End PBXFileReference section */

/* Begin PBXFrameworksBuildPhase section */
		ADA5CAF725E2DAAB00E0C4B5 /* Frameworks */ = {
			isa = PBXFrameworksBuildPhase;
			buildActionMask = 2147483647;
			files = (
			);
			runOnlyForDeploymentPostprocessing = 0;
		};
/* End PBXFrameworksBuildPhase section */

/* Begin PBXGroup section */
		ADA5CAF125E2DAAB00E0C4B5 = {
			isa = PBXGroup;
			children = (
				ADA5CAFC25E2DAAB00E0C4B5 /* Prueba conocimientos Francisco */,
				ADA5CAFB25E2DAAB00E0C4B5 /* Products */,
			);
			sourceTree = "<group>";
		};
		ADA5CAFB25E2DAAB00E0C4B5 /* Products */ = {
			isa = PBXGroup;
			children = (
				ADA5CAFA25E2DAAB00E0C4B5 /* Prueba conocimientos Francisco.app */,
			);
			name = Products;
			sourceTree = "<group>";
		};
		ADA5CAFC25E2DAAB00E0C4B5 /* Prueba conocimientos Francisco */ = {
			isa = PBXGroup;
			children = (
				ADA5CAFD25E2DAAB00E0C4B5 /* AppDelegate.swift */,
				ADA5CAFF25E2DAAB00E0C4B5 /* SceneDelegate.swift */,
				ADA5CB0125E2DAAB00E0C4B5 /* ViewController.swift */,
				ADA5CB0325E2DAAB00E0C4B5 /* Main.storyboard */,
				ADA5CB0625E2DAAC00E0C4B5 /* Assets.xcassets */,
				ADA5CB0825E2DAAC00E0C4B5 /* LaunchScreen.storyboard */,
				ADA5CB0B25E2DAAC00E0C4B5 /* Info.plist */,
			);
			path = "Prueba conocimientos Francisco";
			sourceTree = "<group>";
		};
/* End PBXGroup section */

/* Begin PBXNativeTarget section */
		ADA5CAF925E2DAAB00E0C4B5 /* Prueba conocimientos Francisco */ = {
			isa = PBXNativeTarget;
			buildConfigurationList = ADA5CB0E25E2DAAC00E0C4B5 /* Build configuration list for PBXNativeTarget "Prueba conocimientos Francisco" */;
			buildPhases = (
				ADA5CAF625E2DAAB00E0C4B5 /* Sources */,
				ADA5CAF725E2DAAB00E0C4B5 /* Frameworks */,
				ADA5CAF825E2DAAB00E0C4B5 /* Resources */,
			);
			buildRules = (
			);
			dependencies = (
			);
			name = "Prueba conocimientos Francisco";
			productName = "Prueba conocimientos Francisco";
			productReference = ADA5CAFA25E2DAAB00E0C4B5 /* Prueba conocimientos Francisco.app */;
			productType = "com.apple.product-type.application";
		};
/* End PBXNativeTarget section */

/* Begin PBXProject section */
		ADA5CAF225E2DAAB00E0C4B5 /* Project object */ = {
			isa = PBXProject;
			attributes = {
				LastSwiftUpdateCheck = 1240;
				LastUpgradeCheck = 1240;
				TargetAttributes = {
					ADA5CAF925E2DAAB00E0C4B5 = {
						CreatedOnToolsVersion = 12.4;
					};
				};
			};
			buildConfigurationList = ADA5CAF525E2DAAB00E0C4B5 /* Build configuration list for PBXProject "Prueba conocimientos Francisco" */;
			compatibilityVersion = "Xcode 9.3";
			developmentRegion = en;
			hasScannedForEncodings = 0;
			knownRegions = (
				en,
				Base,
			);
			mainGroup = ADA5CAF125E2DAAB00E0C4B5;
			productRefGroup = ADA5CAFB25E2DAAB00E0C4B5 /* Products */;
			projectDirPath = "";
			projectRoot = "";
			targets = (
				ADA5CAF925E2DAAB00E0C4B5 /* Prueba conocimientos Francisco */,
			);
		};
/* End PBXProject section */

/* Begin PBXResourcesBuildPhase section */
		ADA5CAF825E2DAAB00E0C4B5 /* Resources */ = {
			isa = PBXResourcesBuildPhase;
			buildActionMask = 2147483647;
			files = (
				ADA5CB0A25E2DAAC00E0C4B5 /* LaunchScreen.storyboard in Resources */,
				ADA5CB0725E2DAAC00E0C4B5 /* Assets.xcassets in Resources */,
				ADA5CB0525E2DAAB00E0C4B5 /* Main.storyboard in Resources */,
			);
			runOnlyForDeploymentPostprocessing = 0;
		};
/* End PBXResourcesBuildPhase section */

/* Begin PBXSourcesBuildPhase section */
		ADA5CAF625E2DAAB00E0C4B5 /* Sources */ = {
			isa = PBXSourcesBuildPhase;
			buildActionMask = 2147483647;
			files = (
				ADA5CB0225E2DAAB00E0C4B5 /* ViewController.swift in Sources */,
				ADA5CAFE25E2DAAB00E0C4B5 /* AppDelegate.swift in Sources */,
				ADA5CB0025E2DAAB00E0C4B5 /* SceneDelegate.swift in Sources */,
			);
			runOnlyForDeploymentPostprocessing = 0;
		};
/* End PBXSourcesBuildPhase section */

/* Begin PBXVariantGroup section */
		ADA5CB0325E2DAAB00E0C4B5 /* Main.storyboard */ = {
			isa = PBXVariantGroup;
			children = (
				ADA5CB0425E2DAAB00E0C4B5 /* Base */,
			);
			name = Main.storyboard;
			sourceTree = "<group>";
		};
		ADA5CB0825E2DAAC00E0C4B5 /* LaunchScreen.storyboard */ = {
			isa = PBXVariantGroup;
			children = (
				ADA5CB0925E2DAAC00E0C4B5 /* Base */,
			);
			name = LaunchScreen.storyboard;
			sourceTree = "<group>";
		};
/* End PBXVariantGroup section */

/* Begin XCBuildConfiguration section */
		ADA5CB0C25E2DAAC00E0C4B5 /* Debug */ = {
			isa = XCBuildConfiguration;
			buildSettings = {
				ALWAYS_SEARCH_USER_PATHS = NO;
				CLANG_ANALYZER_NONNULL = YES;
				CLANG_ANALYZER_NUMBER_OBJECT_CONVERSION = YES_AGGRESSIVE;
				CLANG_CXX_LANGUAGE_STANDARD = "gnu++14";
				CLANG_CXX_LIBRARY = "libc++";
				CLANG_ENABLE_MODULES = YES;
				CLANG_ENABLE_OBJC_ARC = YES;
				CLANG_ENABLE_OBJC_WEAK = YES;
				CLANG_WARN_BLOCK_CAPTURE_AUTORELEASING = YES;
				CLANG_WARN_BOOL_CONVERSION = YES;
				CLANG_WARN_COMMA = YES;
				CLANG_WARN_CONSTANT_CONVERSION = YES;
				CLANG_WARN_DEPRECATED_OBJC_IMPLEMENTATIONS = YES;
				CLANG_WARN_DIRECT_OBJC_ISA_USAGE = YES_ERROR;
				CLANG_WARN_DOCUMENTATION_COMMENTS = YES;
				CLANG_WARN_EMPTY_BODY = YES;
				CLANG_WARN_ENUM_CONVERSION = YES;
				CLANG_WARN_INFINITE_RECURSION = YES;
				CLANG_WARN_INT_CONVERSION = YES;
				CLANG_WARN_NON_LITERAL_NULL_CONVERSION = YES;
				CLANG_WARN_OBJC_IMPLICIT_RETAIN_SELF = YES;
				CLANG_WARN_OBJC_LITERAL_CONVERSION = YES;
				CLANG_WARN_OBJC_ROOT_CLASS = YES_ERROR;
				CLANG_WARN_QUOTED_INCLUDE_IN_FRAMEWORK_HEADER = YES;
				CLANG_WARN_RANGE_LOOP_ANALYSIS = YES;
				CLANG_WARN_STRICT_PROTOTYPES = YES;
				CLANG_WARN_SUSPICIOUS_MOVE = YES;
				CLANG_WARN_UNGUARDED_AVAILABILITY = YES_AGGRESSIVE;
				CLANG_WARN_UNREACHABLE_CODE = YES;
				CLANG_WARN__DUPLICATE_METHOD_MATCH = YES;
				COPY_PHASE_STRIP = NO;
				DEBUG_INFORMATION_FORMAT = dwarf;
				ENABLE_STRICT_OBJC_MSGSEND = YES;
				ENABLE_TESTABILITY = YES;
				GCC_C_LANGUAGE_STANDARD = gnu11;
				GCC_DYNAMIC_NO_PIC = NO;
				GCC_NO_COMMON_BLOCKS = YES;
				GCC_OPTIMIZATION_LEVEL = 0;
				GCC_PREPROCESSOR_DEFINITIONS = (
					"DEBUG=1",
					"$(inherited)",
				);
				GCC_WARN_64_TO_32_BIT_CONVERSION = YES;
				GCC_WARN_ABOUT_RETURN_TYPE = YES_ERROR;
				GCC_WARN_UNDECLARED_SELECTOR = YES;
				GCC_WARN_UNINITIALIZED_AUTOS = YES_AGGRESSIVE;
				GCC_WARN_UNUSED_FUNCTION = YES;
				GCC_WARN_UNUSED_VARIABLE = YES;
				IPHONEOS_DEPLOYMENT_TARGET = 14.4;
				MTL_ENABLE_DEBUG_INFO = INCLUDE_SOURCE;
				MTL_FAST_MATH = YES;
				ONLY_ACTIVE_ARCH = YES;
				SDKROOT = iphoneos;
				SWIFT_ACTIVE_COMPILATION_CONDITIONS = DEBUG;
				SWIFT_OPTIMIZATION_LEVEL = "-Onone";
			};
			name = Debug;
		};
		ADA5CB0D25E2DAAC00E0C4B5 /* Release */ = {
			isa = XCBuildConfiguration;
			buildSettings = {
				ALWAYS_SEARCH_USER_PATHS = NO;
				CLANG_ANALYZER_NONNULL = YES;
				CLANG_ANALYZER_NUMBER_OBJECT_CONVERSION = YES_AGGRESSIVE;
				CLANG_CXX_LANGUAGE_STANDARD = "gnu++14";
				CLANG_CXX_LIBRARY = "libc++";
				CLANG_ENABLE_MODULES = YES;
				CLANG_ENABLE_OBJC_ARC = YES;
				CLANG_ENABLE_OBJC_WEAK = YES;
				CLANG_WARN_BLOCK_CAPTURE_AUTORELEASING = YES;
				CLANG_WARN_BOOL_CONVERSION = YES;
				CLANG_WARN_COMMA = YES;
				CLANG_WARN_CONSTANT_CONVERSION = YES;
				CLANG_WARN_DEPRECATED_OBJC_IMPLEMENTATIONS = YES;
				CLANG_WARN_DIRECT_OBJC_ISA_USAGE = YES_ERROR;
				CLANG_WARN_DOCUMENTATION_COMMENTS = YES;
				CLANG_WARN_EMPTY_BODY = YES;
				CLANG_WARN_ENUM_CONVERSION = YES;
				CLANG_WARN_INFINITE_RECURSION = YES;
				CLANG_WARN_INT_CONVERSION = YES;
				CLANG_WARN_NON_LITERAL_NULL_CONVERSION = YES;
				CLANG_WARN_OBJC_IMPLICIT_RETAIN_SELF = YES;
				CLANG_WARN_OBJC_LITERAL_CONVERSION = YES;
				CLANG_WARN_OBJC_ROOT_CLASS = YES_ERROR;
				CLANG_WARN_QUOTED_INCLUDE_IN_FRAMEWORK_HEADER = YES;
				CLANG_WARN_RANGE_LOOP_ANALYSIS = YES;
				CLANG_WARN_STRICT_PROTOTYPES = YES;
				CLANG_WARN_SUSPICIOUS_MOVE = YES;
				CLANG_WARN_UNGUARDED_AVAILABILITY = YES_AGGRESSIVE;
				CLANG_WARN_UNREACHABLE_CODE = YES;
				CLANG_WARN__DUPLICATE_METHOD_MATCH = YES;
				COPY_PHASE_STRIP = NO;
				DEBUG_INFORMATION_FORMAT = "dwarf-with-dsym";
				ENABLE_NS_ASSERTIONS = NO;
				ENABLE_STRICT_OBJC_MSGSEND = YES;
				GCC_C_LANGUAGE_STANDARD = gnu11;
				GCC_NO_COMMON_BLOCKS = YES;
				GCC_WARN_64_TO_32_BIT_CONVERSION = YES;
				GCC_WARN_ABOUT_RETURN_TYPE = YES_ERROR;
				GCC_WARN_UNDECLARED_SELECTOR = YES;
				GCC_WARN_UNINITIALIZED_AUTOS = YES_AGGRESSIVE;
				GCC_WARN_UNUSED_FUNCTION = YES;
				GCC_WARN_UNUSED_VARIABLE = YES;
				IPHONEOS_DEPLOYMENT_TARGET = 14.4;
				MTL_ENABLE_DEBUG_INFO = NO;
				MTL_FAST_MATH = YES;
				SDKROOT = iphoneos;
				SWIFT_COMPILATION_MODE = wholemodule;
				SWIFT_OPTIMIZATION_LEVEL = "-O";
				VALIDATE_PRODUCT = YES;
			};
			name = Release;
		};
		ADA5CB0F25E2DAAC00E0C4B5 /* Debug */ = {
			isa = XCBuildConfiguration;
			buildSettings = {
				ASSETCATALOG_COMPILER_APPICON_NAME = AppIcon;
				ASSETCATALOG_COMPILER_GLOBAL_ACCENT_COLOR_NAME = AccentColor;
				CODE_SIGN_STYLE = Automatic;
				DEVELOPMENT_TEAM = 7M79DJK7MX;
				INFOPLIST_FILE = "Prueba conocimientos Francisco/Info.plist";
				LD_RUNPATH_SEARCH_PATHS = (
					"$(inherited)",
					"@executable_path/Frameworks",
				);
				PRODUCT_BUNDLE_IDENTIFIER = "FranciscoProject.Prueba-conocimientos-Francisco";
				PRODUCT_NAME = "$(TARGET_NAME)";
				SWIFT_VERSION = 5.0;
				TARGETED_DEVICE_FAMILY = "1,2";
			};
			name = Debug;
		};
		ADA5CB1025E2DAAC00E0C4B5 /* Release */ = {
			isa = XCBuildConfiguration;
			buildSettings = {
				ASSETCATALOG_COMPILER_APPICON_NAME = AppIcon;
				ASSETCATALOG_COMPILER_GLOBAL_ACCENT_COLOR_NAME = AccentColor;
				CODE_SIGN_STYLE = Automatic;
				DEVELOPMENT_TEAM = 7M79DJK7MX;
				INFOPLIST_FILE = "Prueba conocimientos Francisco/Info.plist";
				LD_RUNPATH_SEARCH_PATHS = (
					"$(inherited)",
					"@executable_path/Frameworks",
				);
				PRODUCT_BUNDLE_IDENTIFIER = "FranciscoProject.Prueba-conocimientos-Francisco";
				PRODUCT_NAME = "$(TARGET_NAME)";
				SWIFT_VERSION = 5.0;
				TARGETED_DEVICE_FAMILY = "1,2";
			};
			name = Release;
		};
/* End XCBuildConfiguration section */

/* Begin XCConfigurationList section */
		ADA5CAF525E2DAAB00E0C4B5 /* Build configuration list for PBXProject "Prueba conocimientos Francisco" */ = {
			isa = XCConfigurationList;
			buildConfigurations = (
				ADA5CB0C25E2DAAC00E0C4B5 /* Debug */,
				ADA5CB0D25E2DAAC00E0C4B5 /* Release */,
			);
			defaultConfigurationIsVisible = 0;
			defaultConfigurationName = Release;
		};
		ADA5CB0E25E2DAAC00E0C4B5 /* Build configuration list for PBXNativeTarget "Prueba conocimientos Francisco" */ = {
			isa = XCConfigurationList;
			buildConfigurations = (
				ADA5CB0F25E2DAAC00E0C4B5 /* Debug */,
				ADA5CB1025E2DAAC00E0C4B5 /* Release */,
			);
			defaultConfigurationIsVisible = 0;
			defaultConfigurationName = Release;
		};
/* End XCConfigurationList section */
	};
	rootObject = ADA5CAF225E2DAAB00E0C4B5 /* Project object */;
}
